// !$*UTF8*$!
{
	archiveVersion = 1;
	classes = {
	};
	objectVersion = 56;
	objects = {

/* Begin PBXBuildFile section */
		7529A9D42B754CEC00966B84 /* E_Commerce_AppApp.swift in Sources */ = {isa = PBXBuildFile; fileRef = 7529A9D32B754CEC00966B84 /* E_Commerce_AppApp.swift */; };
		7529A9D62B754CEC00966B84 /* ContentView.swift in Sources */ = {isa = PBXBuildFile; fileRef = 7529A9D52B754CEC00966B84 /* ContentView.swift */; };
		7529A9D82B754CF500966B84 /* Assets.xcassets in Resources */ = {isa = PBXBuildFile; fileRef = 7529A9D72B754CF500966B84 /* Assets.xcassets */; };
		7529A9DB2B754CF500966B84 /* Preview Assets.xcassets in Resources */ = {isa = PBXBuildFile; fileRef = 7529A9DA2B754CF500966B84 /* Preview Assets.xcassets */; };
		7529A9E52B754CF600966B84 /* E_Commerce_AppTests.swift in Sources */ = {isa = PBXBuildFile; fileRef = 7529A9E42B754CF600966B84 /* E_Commerce_AppTests.swift */; };
		7529A9EF2B754CF600966B84 /* E_Commerce_AppUITests.swift in Sources */ = {isa = PBXBuildFile; fileRef = 7529A9EE2B754CF600966B84 /* E_Commerce_AppUITests.swift */; };
		7529A9F12B754CF600966B84 /* E_Commerce_AppUITestsLaunchTests.swift in Sources */ = {isa = PBXBuildFile; fileRef = 7529A9F02B754CF600966B84 /* E_Commerce_AppUITestsLaunchTests.swift */; };
		7529A9FE2B754E9900966B84 /* CardModel.swift in Sources */ = {isa = PBXBuildFile; fileRef = 7529A9FD2B754E9900966B84 /* CardModel.swift */; };
		7529AA002B754EA900966B84 /* ProductModel.swift in Sources */ = {isa = PBXBuildFile; fileRef = 7529A9FF2B754EA900966B84 /* ProductModel.swift */; };
		7529AA022B756AA100966B84 /* ProductCollectionView.swift in Sources */ = {isa = PBXBuildFile; fileRef = 7529AA012B756AA100966B84 /* ProductCollectionView.swift */; };
		75685DF32B7BD76A000F253D /* productImage.swift in Sources */ = {isa = PBXBuildFile; fileRef = 75685DF22B7BD76A000F253D /* productImage.swift */; };
		75685DF72B7CF17C000F253D /* CartView.swift in Sources */ = {isa = PBXBuildFile; fileRef = 75685DF62B7CF17C000F253D /* CartView.swift */; };
		7568E94F2B862C21003AE1DE /* ProductTileView.swift in Sources */ = {isa = PBXBuildFile; fileRef = 7568E94E2B862C21003AE1DE /* ProductTileView.swift */; };
		756959862B80EFAA00D405EA /* mainView.swift in Sources */ = {isa = PBXBuildFile; fileRef = 756959852B80EFAA00D405EA /* mainView.swift */; };
		757651FE2B76ACEE0005D5A6 /* cartManager.swift in Sources */ = {isa = PBXBuildFile; fileRef = 757651FD2B76ACEE0005D5A6 /* cartManager.swift */; };
		75A908002B7807E500A2B0CC /* welcomeView.swift in Sources */ = {isa = PBXBuildFile; fileRef = 75A907FF2B7807E500A2B0CC /* welcomeView.swift */; };
		75ECE28D2B833F4E00E48E63 /* asynSyncTest.swift in Sources */ = {isa = PBXBuildFile; fileRef = 75ECE28C2B833F4E00E48E63 /* asynSyncTest.swift */; };
		75FE1E0D2B7DF23A0088644D /* GoogleService-Info.plist in Resources */ = {isa = PBXBuildFile; fileRef = 75FE1E0C2B7DF23A0088644D /* GoogleService-Info.plist */; };
		75FE1E102B7DF2FB0088644D /* FirebaseAnalytics in Frameworks */ = {isa = PBXBuildFile; productRef = 75FE1E0F2B7DF2FB0088644D /* FirebaseAnalytics */; };
		75FE1E122B7DF2FB0088644D /* FirebaseAnalyticsWithoutAdIdSupport in Frameworks */ = {isa = PBXBuildFile; productRef = 75FE1E112B7DF2FB0088644D /* FirebaseAnalyticsWithoutAdIdSupport */; };
		75FE1E142B7DF2FB0088644D /* FirebaseAuth in Frameworks */ = {isa = PBXBuildFile; productRef = 75FE1E132B7DF2FB0088644D /* FirebaseAuth */; };
		75FE1E162B7DF2FB0088644D /* FirebaseDatabase in Frameworks */ = {isa = PBXBuildFile; productRef = 75FE1E152B7DF2FB0088644D /* FirebaseDatabase */; };
		75FE1E182B7DF2FB0088644D /* FirebaseDatabaseSwift in Frameworks */ = {isa = PBXBuildFile; productRef = 75FE1E172B7DF2FB0088644D /* FirebaseDatabaseSwift */; };
		75FE1E1A2B7DF2FB0088644D /* FirebaseFirestore in Frameworks */ = {isa = PBXBuildFile; productRef = 75FE1E192B7DF2FB0088644D /* FirebaseFirestore */; };
		75FE1E1C2B7DF2FC0088644D /* FirebaseFirestoreSwift in Frameworks */ = {isa = PBXBuildFile; productRef = 75FE1E1B2B7DF2FC0088644D /* FirebaseFirestoreSwift */; };
/* End PBXBuildFile section */

/* Begin PBXContainerItemProxy section */
		7529A9E12B754CF600966B84 /* PBXContainerItemProxy */ = {
			isa = PBXContainerItemProxy;
			containerPortal = 7529A9C82B754CEC00966B84 /* Project object */;
			proxyType = 1;
			remoteGlobalIDString = 7529A9CF2B754CEC00966B84;
			remoteInfo = "E-Commerce App";
		};
		7529A9EB2B754CF600966B84 /* PBXContainerItemProxy */ = {
			isa = PBXContainerItemProxy;
			containerPortal = 7529A9C82B754CEC00966B84 /* Project object */;
			proxyType = 1;
			remoteGlobalIDString = 7529A9CF2B754CEC00966B84;
			remoteInfo = "E-Commerce App";
		};
/* End PBXContainerItemProxy section */

/* Begin PBXFileReference section */
		7529A9D02B754CEC00966B84 /* E-Commerce App.app */ = {isa = PBXFileReference; explicitFileType = wrapper.application; includeInIndex = 0; path = "E-Commerce App.app"; sourceTree = BUILT_PRODUCTS_DIR; };
		7529A9D32B754CEC00966B84 /* E_Commerce_AppApp.swift */ = {isa = PBXFileReference; lastKnownFileType = sourcecode.swift; path = E_Commerce_AppApp.swift; sourceTree = "<group>"; };
		7529A9D52B754CEC00966B84 /* ContentView.swift */ = {isa = PBXFileReference; lastKnownFileType = sourcecode.swift; path = ContentView.swift; sourceTree = "<group>"; };
		7529A9D72B754CF500966B84 /* Assets.xcassets */ = {isa = PBXFileReference; lastKnownFileType = folder.assetcatalog; path = Assets.xcassets; sourceTree = "<group>"; };
		7529A9DA2B754CF500966B84 /* Preview Assets.xcassets */ = {isa = PBXFileReference; lastKnownFileType = folder.assetcatalog; path = "Preview Assets.xcassets"; sourceTree = "<group>"; };
		7529A9E02B754CF600966B84 /* E-Commerce AppTests.xctest */ = {isa = PBXFileReference; explicitFileType = wrapper.cfbundle; includeInIndex = 0; path = "E-Commerce AppTests.xctest"; sourceTree = BUILT_PRODUCTS_DIR; };
		7529A9E42B754CF600966B84 /* E_Commerce_AppTests.swift */ = {isa = PBXFileReference; lastKnownFileType = sourcecode.swift; path = E_Commerce_AppTests.swift; sourceTree = "<group>"; };
		7529A9EA2B754CF600966B84 /* E-Commerce AppUITests.xctest */ = {isa = PBXFileReference; explicitFileType = wrapper.cfbundle; includeInIndex = 0; path = "E-Commerce AppUITests.xctest"; sourceTree = BUILT_PRODUCTS_DIR; };
		7529A9EE2B754CF600966B84 /* E_Commerce_AppUITests.swift */ = {isa = PBXFileReference; lastKnownFileType = sourcecode.swift; path = E_Commerce_AppUITests.swift; sourceTree = "<group>"; };
		7529A9F02B754CF600966B84 /* E_Commerce_AppUITestsLaunchTests.swift */ = {isa = PBXFileReference; lastKnownFileType = sourcecode.swift; path = E_Commerce_AppUITestsLaunchTests.swift; sourceTree = "<group>"; };
		7529A9FD2B754E9900966B84 /* CardModel.swift */ = {isa = PBXFileReference; lastKnownFileType = sourcecode.swift; path = CardModel.swift; sourceTree = "<group>"; };
		7529A9FF2B754EA900966B84 /* ProductModel.swift */ = {isa = PBXFileReference; lastKnownFileType = sourcecode.swift; path = ProductModel.swift; sourceTree = "<group>"; };
		7529AA012B756AA100966B84 /* ProductCollectionView.swift */ = {isa = PBXFileReference; lastKnownFileType = sourcecode.swift; path = ProductCollectionView.swift; sourceTree = "<group>"; };
		75685DF22B7BD76A000F253D /* productImage.swift */ = {isa = PBXFileReference; lastKnownFileType = sourcecode.swift; path = productImage.swift; sourceTree = "<group>"; };
		75685DF62B7CF17C000F253D /* CartView.swift */ = {isa = PBXFileReference; lastKnownFileType = sourcecode.swift; path = CartView.swift; sourceTree = "<group>"; };
		7568E94E2B862C21003AE1DE /* ProductTileView.swift */ = {isa = PBXFileReference; lastKnownFileType = sourcecode.swift; path = ProductTileView.swift; sourceTree = "<group>"; };
		756959852B80EFAA00D405EA /* mainView.swift */ = {isa = PBXFileReference; lastKnownFileType = sourcecode.swift; path = mainView.swift; sourceTree = "<group>"; };
		757651FD2B76ACEE0005D5A6 /* cartManager.swift */ = {isa = PBXFileReference; lastKnownFileType = sourcecode.swift; path = cartManager.swift; sourceTree = "<group>"; };
		75A907FE2B78031200A2B0CC /* E-Commerce-App-Info.plist */ = {isa = PBXFileReference; lastKnownFileType = text.plist; path = "E-Commerce-App-Info.plist"; sourceTree = SOURCE_ROOT; };
		75A907FF2B7807E500A2B0CC /* welcomeView.swift */ = {isa = PBXFileReference; lastKnownFileType = sourcecode.swift; path = welcomeView.swift; sourceTree = "<group>"; };
		75ECE28C2B833F4E00E48E63 /* asynSyncTest.swift */ = {isa = PBXFileReference; lastKnownFileType = sourcecode.swift; path = asynSyncTest.swift; sourceTree = "<group>"; };
		75FE1E0C2B7DF23A0088644D /* GoogleService-Info.plist */ = {isa = PBXFileReference; fileEncoding = 4; lastKnownFileType = text.plist.xml; path = "GoogleService-Info.plist"; sourceTree = "<group>"; };
/* End PBXFileReference section */

/* Begin PBXFrameworksBuildPhase section */
		7529A9CD2B754CEC00966B84 /* Frameworks */ = {
			isa = PBXFrameworksBuildPhase;
			buildActionMask = 2147483647;
			files = (
				75FE1E182B7DF2FB0088644D /* FirebaseDatabaseSwift in Frameworks */,
				75FE1E102B7DF2FB0088644D /* FirebaseAnalytics in Frameworks */,
				75FE1E142B7DF2FB0088644D /* FirebaseAuth in Frameworks */,
				75FE1E1C2B7DF2FC0088644D /* FirebaseFirestoreSwift in Frameworks */,
				75FE1E162B7DF2FB0088644D /* FirebaseDatabase in Frameworks */,
				75FE1E122B7DF2FB0088644D /* FirebaseAnalyticsWithoutAdIdSupport in Frameworks */,
				75FE1E1A2B7DF2FB0088644D /* FirebaseFirestore in Frameworks */,
			);
			runOnlyForDeploymentPostprocessing = 0;
		};
		7529A9DD2B754CF600966B84 /* Frameworks */ = {
			isa = PBXFrameworksBuildPhase;
			buildActionMask = 2147483647;
			files = (
			);
			runOnlyForDeploymentPostprocessing = 0;
		};
		7529A9E72B754CF600966B84 /* Frameworks */ = {
			isa = PBXFrameworksBuildPhase;
			buildActionMask = 2147483647;
			files = (
			);
			runOnlyForDeploymentPostprocessing = 0;
		};
/* End PBXFrameworksBuildPhase section */

/* Begin PBXGroup section */
		7529A9C72B754CEC00966B84 = {
			isa = PBXGroup;
			children = (
				7529A9D22B754CEC00966B84 /* E-Commerce App */,
				7529A9E32B754CF600966B84 /* E-Commerce AppTests */,
				7529A9ED2B754CF600966B84 /* E-Commerce AppUITests */,
				7529A9D12B754CEC00966B84 /* Products */,
			);
			sourceTree = "<group>";
		};
		7529A9D12B754CEC00966B84 /* Products */ = {
			isa = PBXGroup;
			children = (
				7529A9D02B754CEC00966B84 /* E-Commerce App.app */,
				7529A9E02B754CF600966B84 /* E-Commerce AppTests.xctest */,
				7529A9EA2B754CF600966B84 /* E-Commerce AppUITests.xctest */,
			);
			name = Products;
			sourceTree = "<group>";
		};
		7529A9D22B754CEC00966B84 /* E-Commerce App */ = {
			isa = PBXGroup;
			children = (
				75A907FE2B78031200A2B0CC /* E-Commerce-App-Info.plist */,
				7529A9D32B754CEC00966B84 /* E_Commerce_AppApp.swift */,
				7529A9D52B754CEC00966B84 /* ContentView.swift */,
				756959852B80EFAA00D405EA /* mainView.swift */,
				75ECE28C2B833F4E00E48E63 /* asynSyncTest.swift */,
				75685DF62B7CF17C000F253D /* CartView.swift */,
				7529AA012B756AA100966B84 /* ProductCollectionView.swift */,
				7529A9FD2B754E9900966B84 /* CardModel.swift */,
				7529A9FF2B754EA900966B84 /* ProductModel.swift */,
				757651FD2B76ACEE0005D5A6 /* cartManager.swift */,
				75A907FF2B7807E500A2B0CC /* welcomeView.swift */,
				75685DF22B7BD76A000F253D /* productImage.swift */,
				7568E94E2B862C21003AE1DE /* ProductTileView.swift */,
				75FE1E0C2B7DF23A0088644D /* GoogleService-Info.plist */,
				7529A9D72B754CF500966B84 /* Assets.xcassets */,
				7529A9D92B754CF500966B84 /* Preview Content */,
			);
			path = "E-Commerce App";
			sourceTree = "<group>";
		};
		7529A9D92B754CF500966B84 /* Preview Content */ = {
			isa = PBXGroup;
			children = (
				7529A9DA2B754CF500966B84 /* Preview Assets.xcassets */,
			);
			path = "Preview Content";
			sourceTree = "<group>";
		};
		7529A9E32B754CF600966B84 /* E-Commerce AppTests */ = {
			isa = PBXGroup;
			children = (
				7529A9E42B754CF600966B84 /* E_Commerce_AppTests.swift */,
			);
			path = "E-Commerce AppTests";
			sourceTree = "<group>";
		};
		7529A9ED2B754CF600966B84 /* E-Commerce AppUITests */ = {
			isa = PBXGroup;
			children = (
				7529A9EE2B754CF600966B84 /* E_Commerce_AppUITests.swift */,
				7529A9F02B754CF600966B84 /* E_Commerce_AppUITestsLaunchTests.swift */,
			);
			path = "E-Commerce AppUITests";
			sourceTree = "<group>";
		};
/* End PBXGroup section */

/* Begin PBXNativeTarget section */
		7529A9CF2B754CEC00966B84 /* E-Commerce App */ = {
			isa = PBXNativeTarget;
			buildConfigurationList = 7529A9F42B754CF600966B84 /* Build configuration list for PBXNativeTarget "E-Commerce App" */;
			buildPhases = (
				7529A9CC2B754CEC00966B84 /* Sources */,
				7529A9CD2B754CEC00966B84 /* Frameworks */,
				7529A9CE2B754CEC00966B84 /* Resources */,
			);
			buildRules = (
			);
			dependencies = (
			);
			name = "E-Commerce App";
			packageProductDependencies = (
				75FE1E0F2B7DF2FB0088644D /* FirebaseAnalytics */,
				75FE1E112B7DF2FB0088644D /* FirebaseAnalyticsWithoutAdIdSupport */,
				75FE1E132B7DF2FB0088644D /* FirebaseAuth */,
				75FE1E152B7DF2FB0088644D /* FirebaseDatabase */,
				75FE1E172B7DF2FB0088644D /* FirebaseDatabaseSwift */,
				75FE1E192B7DF2FB0088644D /* FirebaseFirestore */,
				75FE1E1B2B7DF2FC0088644D /* FirebaseFirestoreSwift */,
			);
			productName = "E-Commerce App";
			productReference = 7529A9D02B754CEC00966B84 /* E-Commerce App.app */;
			productType = "com.apple.product-type.application";
		};
		7529A9DF2B754CF600966B84 /* E-Commerce AppTests */ = {
			isa = PBXNativeTarget;
			buildConfigurationList = 7529A9F72B754CF600966B84 /* Build configuration list for PBXNativeTarget "E-Commerce AppTests" */;
			buildPhases = (
				7529A9DC2B754CF600966B84 /* Sources */,
				7529A9DD2B754CF600966B84 /* Frameworks */,
				7529A9DE2B754CF600966B84 /* Resources */,
			);
			buildRules = (
			);
			dependencies = (
				7529A9E22B754CF600966B84 /* PBXTargetDependency */,
			);
			name = "E-Commerce AppTests";
			productName = "E-Commerce AppTests";
			productReference = 7529A9E02B754CF600966B84 /* E-Commerce AppTests.xctest */;
			productType = "com.apple.product-type.bundle.unit-test";
		};
		7529A9E92B754CF600966B84 /* E-Commerce AppUITests */ = {
			isa = PBXNativeTarget;
			buildConfigurationList = 7529A9FA2B754CF600966B84 /* Build configuration list for PBXNativeTarget "E-Commerce AppUITests" */;
			buildPhases = (
				7529A9E62B754CF600966B84 /* Sources */,
				7529A9E72B754CF600966B84 /* Frameworks */,
				7529A9E82B754CF600966B84 /* Resources */,
			);
			buildRules = (
			);
			dependencies = (
				7529A9EC2B754CF600966B84 /* PBXTargetDependency */,
			);
			name = "E-Commerce AppUITests";
			productName = "E-Commerce AppUITests";
			productReference = 7529A9EA2B754CF600966B84 /* E-Commerce AppUITests.xctest */;
			productType = "com.apple.product-type.bundle.ui-testing";
		};
/* End PBXNativeTarget section */

/* Begin PBXProject section */
		7529A9C82B754CEC00966B84 /* Project object */ = {
			isa = PBXProject;
			attributes = {
				BuildIndependentTargetsInParallel = 1;
				LastSwiftUpdateCheck = 1520;
				LastUpgradeCheck = 1520;
				TargetAttributes = {
					7529A9CF2B754CEC00966B84 = {
						CreatedOnToolsVersion = 15.2;
					};
					7529A9DF2B754CF600966B84 = {
						CreatedOnToolsVersion = 15.2;
						TestTargetID = 7529A9CF2B754CEC00966B84;
					};
					7529A9E92B754CF600966B84 = {
						CreatedOnToolsVersion = 15.2;
						TestTargetID = 7529A9CF2B754CEC00966B84;
					};
				};
			};
			buildConfigurationList = 7529A9CB2B754CEC00966B84 /* Build configuration list for PBXProject "E-Commerce App" */;
			compatibilityVersion = "Xcode 14.0";
			developmentRegion = en;
			hasScannedForEncodings = 0;
			knownRegions = (
				en,
				Base,
			);
			mainGroup = 7529A9C72B754CEC00966B84;
			packageReferences = (
				75FE1E0E2B7DF2FB0088644D /* XCRemoteSwiftPackageReference "firebase-ios-sdk" */,
			);
			productRefGroup = 7529A9D12B754CEC00966B84 /* Products */;
			projectDirPath = "";
			projectRoot = "";
			targets = (
				7529A9CF2B754CEC00966B84 /* E-Commerce App */,
				7529A9DF2B754CF600966B84 /* E-Commerce AppTests */,
				7529A9E92B754CF600966B84 /* E-Commerce AppUITests */,
			);
		};
/* End PBXProject section */

/* Begin PBXResourcesBuildPhase section */
		7529A9CE2B754CEC00966B84 /* Resources */ = {
			isa = PBXResourcesBuildPhase;
			buildActionMask = 2147483647;
			files = (
				7529A9DB2B754CF500966B84 /* Preview Assets.xcassets in Resources */,
				7529A9D82B754CF500966B84 /* Assets.xcassets in Resources */,
				75FE1E0D2B7DF23A0088644D /* GoogleService-Info.plist in Resources */,
			);
			runOnlyForDeploymentPostprocessing = 0;
		};
		7529A9DE2B754CF600966B84 /* Resources */ = {
			isa = PBXResourcesBuildPhase;
			buildActionMask = 2147483647;
			files = (
			);
			runOnlyForDeploymentPostprocessing = 0;
		};
		7529A9E82B754CF600966B84 /* Resources */ = {
			isa = PBXResourcesBuildPhase;
			buildActionMask = 2147483647;
			files = (
			);
			runOnlyForDeploymentPostprocessing = 0;
		};
/* End PBXResourcesBuildPhase section */

/* Begin PBXSourcesBuildPhase section */
		7529A9CC2B754CEC00966B84 /* Sources */ = {
			isa = PBXSourcesBuildPhase;
			buildActionMask = 2147483647;
			files = (
				75685DF72B7CF17C000F253D /* CartView.swift in Sources */,
				7529AA022B756AA100966B84 /* ProductCollectionView.swift in Sources */,
				75A908002B7807E500A2B0CC /* welcomeView.swift in Sources */,
				75685DF32B7BD76A000F253D /* productImage.swift in Sources */,
				75ECE28D2B833F4E00E48E63 /* asynSyncTest.swift in Sources */,
				756959862B80EFAA00D405EA /* mainView.swift in Sources */,
				7529A9D62B754CEC00966B84 /* ContentView.swift in Sources */,
				7529A9D42B754CEC00966B84 /* E_Commerce_AppApp.swift in Sources */,
				757651FE2B76ACEE0005D5A6 /* cartManager.swift in Sources */,
				7529A9FE2B754E9900966B84 /* CardModel.swift in Sources */,
				7568E94F2B862C21003AE1DE /* ProductTileView.swift in Sources */,
				7529AA002B754EA900966B84 /* ProductModel.swift in Sources */,
			);
			runOnlyForDeploymentPostprocessing = 0;
		};
		7529A9DC2B754CF600966B84 /* Sources */ = {
			isa = PBXSourcesBuildPhase;
			buildActionMask = 2147483647;
			files = (
				7529A9E52B754CF600966B84 /* E_Commerce_AppTests.swift in Sources */,
			);
			runOnlyForDeploymentPostprocessing = 0;
		};
		7529A9E62B754CF600966B84 /* Sources */ = {
			isa = PBXSourcesBuildPhase;
			buildActionMask = 2147483647;
			files = (
				7529A9EF2B754CF600966B84 /* E_Commerce_AppUITests.swift in Sources */,
				7529A9F12B754CF600966B84 /* E_Commerce_AppUITestsLaunchTests.swift in Sources */,
			);
			runOnlyForDeploymentPostprocessing = 0;
		};
/* End PBXSourcesBuildPhase section */

/* Begin PBXTargetDependency section */
		7529A9E22B754CF600966B84 /* PBXTargetDependency */ = {
			isa = PBXTargetDependency;
			target = 7529A9CF2B754CEC00966B84 /* E-Commerce App */;
			targetProxy = 7529A9E12B754CF600966B84 /* PBXContainerItemProxy */;
		};
		7529A9EC2B754CF600966B84 /* PBXTargetDependency */ = {
			isa = PBXTargetDependency;
			target = 7529A9CF2B754CEC00966B84 /* E-Commerce App */;
			targetProxy = 7529A9EB2B754CF600966B84 /* PBXContainerItemProxy */;
		};
/* End PBXTargetDependency section */

/* Begin XCBuildConfiguration section */
		7529A9F22B754CF600966B84 /* Debug */ = {
			isa = XCBuildConfiguration;
			buildSettings = {
				ALWAYS_SEARCH_USER_PATHS = NO;
				ASSETCATALOG_COMPILER_GENERATE_SWIFT_ASSET_SYMBOL_EXTENSIONS = YES;
				CLANG_ANALYZER_NONNULL = YES;
				CLANG_ANALYZER_NUMBER_OBJECT_CONVERSION = YES_AGGRESSIVE;
				CLANG_CXX_LANGUAGE_STANDARD = "gnu++20";
				CLANG_ENABLE_MODULES = YES;
				CLANG_ENABLE_OBJC_ARC = YES;
				CLANG_ENABLE_OBJC_WEAK = YES;
				CLANG_WARN_BLOCK_CAPTURE_AUTORELEASING = YES;
				CLANG_WARN_BOOL_CONVERSION = YES;
				CLANG_WARN_COMMA = YES;
				CLANG_WARN_CONSTANT_CONVERSION = YES;
				CLANG_WARN_DEPRECATED_OBJC_IMPLEMENTATIONS = YES;
				CLANG_WARN_DIRECT_OBJC_ISA_USAGE = YES_ERROR;
				CLANG_WARN_DOCUMENTATION_COMMENTS = YES;
				CLANG_WARN_EMPTY_BODY = YES;
				CLANG_WARN_ENUM_CONVERSION = YES;
				CLANG_WARN_INFINITE_RECURSION = YES;
				CLANG_WARN_INT_CONVERSION = YES;
				CLANG_WARN_NON_LITERAL_NULL_CONVERSION = YES;
				CLANG_WARN_OBJC_IMPLICIT_RETAIN_SELF = YES;
				CLANG_WARN_OBJC_LITERAL_CONVERSION = YES;
				CLANG_WARN_OBJC_ROOT_CLASS = YES_ERROR;
				CLANG_WARN_QUOTED_INCLUDE_IN_FRAMEWORK_HEADER = YES;
				CLANG_WARN_RANGE_LOOP_ANALYSIS = YES;
				CLANG_WARN_STRICT_PROTOTYPES = YES;
				CLANG_WARN_SUSPICIOUS_MOVE = YES;
				CLANG_WARN_UNGUARDED_AVAILABILITY = YES_AGGRESSIVE;
				CLANG_WARN_UNREACHABLE_CODE = YES;
				CLANG_WARN__DUPLICATE_METHOD_MATCH = YES;
				COPY_PHASE_STRIP = NO;
				DEBUG_INFORMATION_FORMAT = dwarf;
				ENABLE_STRICT_OBJC_MSGSEND = YES;
				ENABLE_TESTABILITY = YES;
				ENABLE_USER_SCRIPT_SANDBOXING = YES;
				GCC_C_LANGUAGE_STANDARD = gnu17;
				GCC_DYNAMIC_NO_PIC = NO;
				GCC_NO_COMMON_BLOCKS = YES;
				GCC_OPTIMIZATION_LEVEL = 0;
				GCC_PREPROCESSOR_DEFINITIONS = (
					"DEBUG=1",
					"$(inherited)",
				);
				GCC_WARN_64_TO_32_BIT_CONVERSION = YES;
				GCC_WARN_ABOUT_RETURN_TYPE = YES_ERROR;
				GCC_WARN_UNDECLARED_SELECTOR = YES;
				GCC_WARN_UNINITIALIZED_AUTOS = YES_AGGRESSIVE;
				GCC_WARN_UNUSED_FUNCTION = YES;
				GCC_WARN_UNUSED_VARIABLE = YES;
				IPHONEOS_DEPLOYMENT_TARGET = 17.2;
				LOCALIZATION_PREFERS_STRING_CATALOGS = YES;
				MTL_ENABLE_DEBUG_INFO = INCLUDE_SOURCE;
				MTL_FAST_MATH = YES;
				ONLY_ACTIVE_ARCH = YES;
				SDKROOT = iphoneos;
				SWIFT_ACTIVE_COMPILATION_CONDITIONS = "DEBUG $(inherited)";
				SWIFT_OPTIMIZATION_LEVEL = "-Onone";
			};
			name = Debug;
		};
		7529A9F32B754CF600966B84 /* Release */ = {
			isa = XCBuildConfiguration;
			buildSettings = {
				ALWAYS_SEARCH_USER_PATHS = NO;
				ASSETCATALOG_COMPILER_GENERATE_SWIFT_ASSET_SYMBOL_EXTENSIONS = YES;
				CLANG_ANALYZER_NONNULL = YES;
				CLANG_ANALYZER_NUMBER_OBJECT_CONVERSION = YES_AGGRESSIVE;
				CLANG_CXX_LANGUAGE_STANDARD = "gnu++20";
				CLANG_ENABLE_MODULES = YES;
				CLANG_ENABLE_OBJC_ARC = YES;
				CLANG_ENABLE_OBJC_WEAK = YES;
				CLANG_WARN_BLOCK_CAPTURE_AUTORELEASING = YES;
				CLANG_WARN_BOOL_CONVERSION = YES;
				CLANG_WARN_COMMA = YES;
				CLANG_WARN_CONSTANT_CONVERSION = YES;
				CLANG_WARN_DEPRECATED_OBJC_IMPLEMENTATIONS = YES;
				CLANG_WARN_DIRECT_OBJC_ISA_USAGE = YES_ERROR;
				CLANG_WARN_DOCUMENTATION_COMMENTS = YES;
				CLANG_WARN_EMPTY_BODY = YES;
				CLANG_WARN_ENUM_CONVERSION = YES;
				CLANG_WARN_INFINITE_RECURSION = YES;
				CLANG_WARN_INT_CONVERSION = YES;
				CLANG_WARN_NON_LITERAL_NULL_CONVERSION = YES;
				CLANG_WARN_OBJC_IMPLICIT_RETAIN_SELF = YES;
				CLANG_WARN_OBJC_LITERAL_CONVERSION = YES;
				CLANG_WARN_OBJC_ROOT_CLASS = YES_ERROR;
				CLANG_WARN_QUOTED_INCLUDE_IN_FRAMEWORK_HEADER = YES;
				CLANG_WARN_RANGE_LOOP_ANALYSIS = YES;
				CLANG_WARN_STRICT_PROTOTYPES = YES;
				CLANG_WARN_SUSPICIOUS_MOVE = YES;
				CLANG_WARN_UNGUARDED_AVAILABILITY = YES_AGGRESSIVE;
				CLANG_WARN_UNREACHABLE_CODE = YES;
				CLANG_WARN__DUPLICATE_METHOD_MATCH = YES;
				COPY_PHASE_STRIP = NO;
				DEBUG_INFORMATION_FORMAT = "dwarf-with-dsym";
				ENABLE_NS_ASSERTIONS = NO;
				ENABLE_STRICT_OBJC_MSGSEND = YES;
				ENABLE_USER_SCRIPT_SANDBOXING = YES;
				GCC_C_LANGUAGE_STANDARD = gnu17;
				GCC_NO_COMMON_BLOCKS = YES;
				GCC_WARN_64_TO_32_BIT_CONVERSION = YES;
				GCC_WARN_ABOUT_RETURN_TYPE = YES_ERROR;
				GCC_WARN_UNDECLARED_SELECTOR = YES;
				GCC_WARN_UNINITIALIZED_AUTOS = YES_AGGRESSIVE;
				GCC_WARN_UNUSED_FUNCTION = YES;
				GCC_WARN_UNUSED_VARIABLE = YES;
				IPHONEOS_DEPLOYMENT_TARGET = 17.2;
				LOCALIZATION_PREFERS_STRING_CATALOGS = YES;
				MTL_ENABLE_DEBUG_INFO = NO;
				MTL_FAST_MATH = YES;
				SDKROOT = iphoneos;
				SWIFT_COMPILATION_MODE = wholemodule;
				VALIDATE_PRODUCT = YES;
			};
			name = Release;
		};
		7529A9F52B754CF600966B84 /* Debug */ = {
			isa = XCBuildConfiguration;
			buildSettings = {
				ASSETCATALOG_COMPILER_APPICON_NAME = AppIcon;
				ASSETCATALOG_COMPILER_GLOBAL_ACCENT_COLOR_NAME = AccentColor;
				CODE_SIGN_STYLE = Automatic;
				CURRENT_PROJECT_VERSION = 1;
				DEVELOPMENT_ASSET_PATHS = "\"E-Commerce App/Preview Content\"";
				DEVELOPMENT_TEAM = FNR749TRPD;
				ENABLE_PREVIEWS = YES;
				GENERATE_INFOPLIST_FILE = YES;
				INFOPLIST_FILE = "E-Commerce-App-Info.plist";
				INFOPLIST_KEY_UIApplicationSceneManifest_Generation = YES;
				INFOPLIST_KEY_UIApplicationSupportsIndirectInputEvents = YES;
				INFOPLIST_KEY_UILaunchScreen_Generation = YES;
				INFOPLIST_KEY_UIStatusBarStyle = "";
				INFOPLIST_KEY_UISupportedInterfaceOrientations = UIInterfaceOrientationPortrait;
				INFOPLIST_KEY_UISupportedInterfaceOrientations_iPad = "UIInterfaceOrientationPortrait UIInterfaceOrientationPortraitUpsideDown";
				LD_RUNPATH_SEARCH_PATHS = (
					"$(inherited)",
					"@executable_path/Frameworks",
				);
				MARKETING_VERSION = 1.0;
				PRODUCT_BUNDLE_IDENTIFIER = "com.nishitvats.E-Commerce-App";
				PRODUCT_NAME = "$(TARGET_NAME)";
				SWIFT_EMIT_LOC_STRINGS = YES;
				SWIFT_VERSION = 5.0;
				TARGETED_DEVICE_FAMILY = "1,2";
			};
			name = Debug;
		};
		7529A9F62B754CF600966B84 /* Release */ = {
			isa = XCBuildConfiguration;
			buildSettings = {
				ASSETCATALOG_COMPILER_APPICON_NAME = AppIcon;
				ASSETCATALOG_COMPILER_GLOBAL_ACCENT_COLOR_NAME = AccentColor;
				CODE_SIGN_STYLE = Automatic;
				CURRENT_PROJECT_VERSION = 1;
				DEVELOPMENT_ASSET_PATHS = "\"E-Commerce App/Preview Content\"";
				DEVELOPMENT_TEAM = FNR749TRPD;
				ENABLE_PREVIEWS = YES;
				GENERATE_INFOPLIST_FILE = YES;
				INFOPLIST_FILE = "E-Commerce-App-Info.plist";
				INFOPLIST_KEY_UIApplicationSceneManifest_Generation = YES;
				INFOPLIST_KEY_UIApplicationSupportsIndirectInputEvents = YES;
				INFOPLIST_KEY_UILaunchScreen_Generation = YES;
				INFOPLIST_KEY_UIStatusBarStyle = "";
				INFOPLIST_KEY_UISupportedInterfaceOrientations = UIInterfaceOrientationPortrait;
				INFOPLIST_KEY_UISupportedInterfaceOrientations_iPad = "UIInterfaceOrientationPortrait UIInterfaceOrientationPortraitUpsideDown";
				LD_RUNPATH_SEARCH_PATHS = (
					"$(inherited)",
					"@executable_path/Frameworks",
				);
				MARKETING_VERSION = 1.0;
				PRODUCT_BUNDLE_IDENTIFIER = "com.nishitvats.E-Commerce-App";
				PRODUCT_NAME = "$(TARGET_NAME)";
				SWIFT_EMIT_LOC_STRINGS = YES;
				SWIFT_VERSION = 5.0;
				TARGETED_DEVICE_FAMILY = "1,2";
			};
			name = Release;
		};
		7529A9F82B754CF600966B84 /* Debug */ = {
			isa = XCBuildConfiguration;
			buildSettings = {
				ALWAYS_EMBED_SWIFT_STANDARD_LIBRARIES = YES;
				BUNDLE_LOADER = "$(TEST_HOST)";
				CODE_SIGN_STYLE = Automatic;
				CURRENT_PROJECT_VERSION = 1;
				DEVELOPMENT_TEAM = FNR749TRPD;
				GENERATE_INFOPLIST_FILE = YES;
				IPHONEOS_DEPLOYMENT_TARGET = 17.2;
				MARKETING_VERSION = 1.0;
				PRODUCT_BUNDLE_IDENTIFIER = "com.nishitvats.E-Commerce-AppTests";
				PRODUCT_NAME = "$(TARGET_NAME)";
				SWIFT_EMIT_LOC_STRINGS = NO;
				SWIFT_VERSION = 5.0;
				TARGETED_DEVICE_FAMILY = "1,2";
				TEST_HOST = "$(BUILT_PRODUCTS_DIR)/E-Commerce App.app/$(BUNDLE_EXECUTABLE_FOLDER_PATH)/E-Commerce App";
			};
			name = Debug;
		};
		7529A9F92B754CF600966B84 /* Release */ = {
			isa = XCBuildConfiguration;
			buildSettings = {
				ALWAYS_EMBED_SWIFT_STANDARD_LIBRARIES = YES;
				BUNDLE_LOADER = "$(TEST_HOST)";
				CODE_SIGN_STYLE = Automatic;
				CURRENT_PROJECT_VERSION = 1;
				DEVELOPMENT_TEAM = FNR749TRPD;
				GENERATE_INFOPLIST_FILE = YES;
				IPHONEOS_DEPLOYMENT_TARGET = 17.2;
				MARKETING_VERSION = 1.0;
				PRODUCT_BUNDLE_IDENTIFIER = "com.nishitvats.E-Commerce-AppTests";
				PRODUCT_NAME = "$(TARGET_NAME)";
				SWIFT_EMIT_LOC_STRINGS = NO;
				SWIFT_VERSION = 5.0;
				TARGETED_DEVICE_FAMILY = "1,2";
				TEST_HOST = "$(BUILT_PRODUCTS_DIR)/E-Commerce App.app/$(BUNDLE_EXECUTABLE_FOLDER_PATH)/E-Commerce App";
			};
			name = Release;
		};
		7529A9FB2B754CF600966B84 /* Debug */ = {
			isa = XCBuildConfiguration;
			buildSettings = {
				ALWAYS_EMBED_SWIFT_STANDARD_LIBRARIES = YES;
				CODE_SIGN_STYLE = Automatic;
				CURRENT_PROJECT_VERSION = 1;
				DEVELOPMENT_TEAM = FNR749TRPD;
				GENERATE_INFOPLIST_FILE = YES;
				MARKETING_VERSION = 1.0;
				PRODUCT_BUNDLE_IDENTIFIER = "com.nishitvats.E-Commerce-AppUITests";
				PRODUCT_NAME = "$(TARGET_NAME)";
				SWIFT_EMIT_LOC_STRINGS = NO;
				SWIFT_VERSION = 5.0;
				TARGETED_DEVICE_FAMILY = "1,2";
				TEST_TARGET_NAME = "E-Commerce App";
			};
			name = Debug;
		};
		7529A9FC2B754CF600966B84 /* Release */ = {
			isa = XCBuildConfiguration;
			buildSettings = {
				ALWAYS_EMBED_SWIFT_STANDARD_LIBRARIES = YES;
				CODE_SIGN_STYLE = Automatic;
				CURRENT_PROJECT_VERSION = 1;
				DEVELOPMENT_TEAM = FNR749TRPD;
				GENERATE_INFOPLIST_FILE = YES;
				MARKETING_VERSION = 1.0;
				PRODUCT_BUNDLE_IDENTIFIER = "com.nishitvats.E-Commerce-AppUITests";
				PRODUCT_NAME = "$(TARGET_NAME)";
				SWIFT_EMIT_LOC_STRINGS = NO;
				SWIFT_VERSION = 5.0;
				TARGETED_DEVICE_FAMILY = "1,2";
				TEST_TARGET_NAME = "E-Commerce App";
			};
			name = Release;
		};
/* End XCBuildConfiguration section */

/* Begin XCConfigurationList section */
		7529A9CB2B754CEC00966B84 /* Build configuration list for PBXProject "E-Commerce App" */ = {
			isa = XCConfigurationList;
			buildConfigurations = (
				7529A9F22B754CF600966B84 /* Debug */,
				7529A9F32B754CF600966B84 /* Release */,
			);
			defaultConfigurationIsVisible = 0;
			defaultConfigurationName = Release;
		};
		7529A9F42B754CF600966B84 /* Build configuration list for PBXNativeTarget "E-Commerce App" */ = {
			isa = XCConfigurationList;
			buildConfigurations = (
				7529A9F52B754CF600966B84 /* Debug */,
				7529A9F62B754CF600966B84 /* Release */,
			);
			defaultConfigurationIsVisible = 0;
			defaultConfigurationName = Release;
		};
		7529A9F72B754CF600966B84 /* Build configuration list for PBXNativeTarget "E-Commerce AppTests" */ = {
			isa = XCConfigurationList;
			buildConfigurations = (
				7529A9F82B754CF600966B84 /* Debug */,
				7529A9F92B754CF600966B84 /* Release */,
			);
			defaultConfigurationIsVisible = 0;
			defaultConfigurationName = Release;
		};
		7529A9FA2B754CF600966B84 /* Build configuration list for PBXNativeTarget "E-Commerce AppUITests" */ = {
			isa = XCConfigurationList;
			buildConfigurations = (
				7529A9FB2B754CF600966B84 /* Debug */,
				7529A9FC2B754CF600966B84 /* Release */,
			);
			defaultConfigurationIsVisible = 0;
			defaultConfigurationName = Release;
		};
/* End XCConfigurationList section */

/* Begin XCRemoteSwiftPackageReference section */
		75FE1E0E2B7DF2FB0088644D /* XCRemoteSwiftPackageReference "firebase-ios-sdk" */ = {
			isa = XCRemoteSwiftPackageReference;
			repositoryURL = "https://github.com/firebase/firebase-ios-sdk";
			requirement = {
				kind = upToNextMajorVersion;
				minimumVersion = 10.21.0;
			};
		};
/* End XCRemoteSwiftPackageReference section */

/* Begin XCSwiftPackageProductDependency section */
		75FE1E0F2B7DF2FB0088644D /* FirebaseAnalytics */ = {
			isa = XCSwiftPackageProductDependency;
			package = 75FE1E0E2B7DF2FB0088644D /* XCRemoteSwiftPackageReference "firebase-ios-sdk" */;
			productName = FirebaseAnalytics;
		};
		75FE1E112B7DF2FB0088644D /* FirebaseAnalyticsWithoutAdIdSupport */ = {
			isa = XCSwiftPackageProductDependency;
			package = 75FE1E0E2B7DF2FB0088644D /* XCRemoteSwiftPackageReference "firebase-ios-sdk" */;
			productName = FirebaseAnalyticsWithoutAdIdSupport;
		};
		75FE1E132B7DF2FB0088644D /* FirebaseAuth */ = {
			isa = XCSwiftPackageProductDependency;
			package = 75FE1E0E2B7DF2FB0088644D /* XCRemoteSwiftPackageReference "firebase-ios-sdk" */;
			productName = FirebaseAuth;
		};
		75FE1E152B7DF2FB0088644D /* FirebaseDatabase */ = {
			isa = XCSwiftPackageProductDependency;
			package = 75FE1E0E2B7DF2FB0088644D /* XCRemoteSwiftPackageReference "firebase-ios-sdk" */;
			productName = FirebaseDatabase;
		};
		75FE1E172B7DF2FB0088644D /* FirebaseDatabaseSwift */ = {
			isa = XCSwiftPackageProductDependency;
			package = 75FE1E0E2B7DF2FB0088644D /* XCRemoteSwiftPackageReference "firebase-ios-sdk" */;
			productName = FirebaseDatabaseSwift;
		};
		75FE1E192B7DF2FB0088644D /* FirebaseFirestore */ = {
			isa = XCSwiftPackageProductDependency;
			package = 75FE1E0E2B7DF2FB0088644D /* XCRemoteSwiftPackageReference "firebase-ios-sdk" */;
			productName = FirebaseFirestore;
		};
		75FE1E1B2B7DF2FC0088644D /* FirebaseFirestoreSwift */ = {
			isa = XCSwiftPackageProductDependency;
			package = 75FE1E0E2B7DF2FB0088644D /* XCRemoteSwiftPackageReference "firebase-ios-sdk" */;
			productName = FirebaseFirestoreSwift;
		};
/* End XCSwiftPackageProductDependency section */
	};
	rootObject = 7529A9C82B754CEC00966B84 /* Project object */;
}
